{
  "lockfileVersion": 1,
  "workspaces": {
    "": {
      "name": "hypermedia-starter",
      "dependencies": {
        "@kitajs/html": "^4.2.10",
        "@kitajs/ts-html-plugin": "^4.1.3",
        "applesauce-core": "^3.1.0",
        "applesauce-loaders": "^3.1.0",
        "applesauce-relay": "^3.1.0",
        "nostr-tools": "^2.16.2",
        "rxjs": "^7.8.2",
      },
      "devDependencies": {
        "@types/bun": "latest",
      },
      "peerDependencies": {
        "typescript": "^5",
      },
    },
  },
  "packages": {
    "@kitajs/html": ["@kitajs/html@4.2.10", "", { "dependencies": { "csstype": "^3.1.3" } }, "sha512-q9n2Ig7GlAYOdL+CeWxsIIZFIKna+eCJah15eK8PBIFHW3UcWayAMs8QYGJNYgP3uMucDimIAUBH26xnE7GILw=="],

    "@kitajs/ts-html-plugin": ["@kitajs/ts-html-plugin@4.1.3", "", { "dependencies": { "chalk": "^5.6.2", "tslib": "^2.8.1", "yargs": "^18.0.0" }, "peerDependencies": { "@kitajs/html": "^4.2.10", "typescript": "^5.6.2" }, "bin": { "ts-html-plugin": "dist/cli.js", "xss-scan": "dist/cli.js" } }, "sha512-NlYrID5yMxfRKiO1eiiSC4MWveKe0ffoCJOZm4idNOqwimmLXr0g1NmvCcquOU2XLRrgzynxZqw6rhwR5CY5Nw=="],

    "@noble/ciphers": ["@noble/ciphers@0.5.3", "", {}, "sha512-B0+6IIHiqEs3BPMT0hcRmHvEj2QHOLu+uwt+tqDDeVd0oyVzh7BPrDcPjRnV1PV/5LaknXJJQvOuRGR0zQJz+w=="],

    "@noble/curves": ["@noble/curves@1.2.0", "", { "dependencies": { "@noble/hashes": "1.3.2" } }, "sha512-oYclrNgRaM9SsBUBVbb8M6DTV7ZHRTKugureoYEncY5c65HOmRzvSiTE3y5CYaPYJA/GVkrhXEoF0M3Ya9PMnw=="],

    "@noble/hashes": ["@noble/hashes@1.8.0", "", {}, "sha512-jCs9ldd7NwzpgXDIf6P3+NrHh9/sD6CQdxHyjQI+h/6rDNo88ypBxxz45UDuZHz9r3tNz7N/VInSVoVdtXEI4A=="],

    "@scure/base": ["@scure/base@1.2.6", "", {}, "sha512-g/nm5FgUa//MCj1gV09zTJTaM6KBAHqLN907YVQqf7zC49+DcO4B1so4ZX07Ef10Twr6nuqYEH9GEggFXA4Fmg=="],

    "@scure/bip32": ["@scure/bip32@1.3.1", "", { "dependencies": { "@noble/curves": "~1.1.0", "@noble/hashes": "~1.3.1", "@scure/base": "~1.1.0" } }, "sha512-osvveYtyzdEVbt3OfwwXFr4P2iVBL5u1Q3q4ONBfDY/UpOuXmOlbgwc1xECEboY8wIays8Yt6onaWMUdUbfl0A=="],

    "@scure/bip39": ["@scure/bip39@1.2.1", "", { "dependencies": { "@noble/hashes": "~1.3.0", "@scure/base": "~1.1.0" } }, "sha512-Z3/Fsz1yr904dduJD0NpiyRHhRYHdcnyh73FZWiV+/qhWi83wNJ3NWolYqCEN+ZWsUz2TWwajJggcRE9r1zUYg=="],

    "@types/bun": ["@types/bun@1.2.22", "", { "dependencies": { "bun-types": "1.2.22" } }, "sha512-5A/KrKos2ZcN0c6ljRSOa1fYIyCKhZfIVYeuyb4snnvomnpFqC0tTsEkdqNxbAgExV384OETQ//WAjl3XbYqQA=="],

    "@types/node": ["@types/node@24.5.1", "", { "dependencies": { "undici-types": "~7.12.0" } }, "sha512-/SQdmUP2xa+1rdx7VwB9yPq8PaKej8TD5cQ+XfKDPWWC+VDJU4rvVVagXqKUzhKjtFoNA8rXDJAkCxQPAe00+Q=="],

    "@types/react": ["@types/react@19.1.13", "", { "dependencies": { "csstype": "^3.0.2" } }, "sha512-hHkbU/eoO3EG5/MZkuFSKmYqPbSVk5byPFa3e7y/8TybHiLMACgI8seVYlicwk7H5K/rI2px9xrQp/C+AUDTiQ=="],

    "ansi-regex": ["ansi-regex@6.2.2", "", {}, "sha512-Bq3SmSpyFHaWjPk8If9yc6svM8c56dB5BAtW4Qbw5jHTwwXXcTLoRMkpDJp6VL0XzlWaCHTXrkFURMYmD0sLqg=="],

    "ansi-styles": ["ansi-styles@6.2.3", "", {}, "sha512-4Dj6M28JB+oAH8kFkTLUo+a2jwOFkuqb3yucU0CANcRRUbxS0cP0nZYCGjcc3BNXwRIsUVmDGgzawme7zvJHvg=="],

    "applesauce-core": ["applesauce-core@3.1.0", "", { "dependencies": { "@noble/hashes": "^1.7.1", "@scure/base": "^1.2.4", "debug": "^4.4.0", "fast-deep-equal": "^3.1.3", "hash-sum": "^2.0.0", "light-bolt11-decoder": "^3.2.0", "nanoid": "^5.0.9", "nostr-tools": "~2.15", "rxjs": "^7.8.1" } }, "sha512-rIvtAYm8jJiLkv251yT12olmlmlkeT5x9kptWlAz0wMiAhymGG/RoWtMN80mbOAebjwcLCRLRfrAO6YYal1XpQ=="],

    "applesauce-loaders": ["applesauce-loaders@3.1.0", "", { "dependencies": { "applesauce-core": "^3.1.0", "nanoid": "^5.0.9", "nostr-tools": "~2.15", "rxjs": "^7.8.1" } }, "sha512-9IY5RYqoXcIgAAdJNuMjMBr+CI85z1yj708C92UiP9YMQ4mrIIEvZbMmWLApBzRn5XsmmEa00a/iNlXpkRg9Sw=="],

    "applesauce-relay": ["applesauce-relay@3.1.0", "", { "dependencies": { "@noble/hashes": "^1.7.1", "applesauce-core": "^3.1.0", "nanoid": "^5.0.9", "nostr-tools": "~2.15", "rxjs": "^7.8.1" } }, "sha512-YseV51O3pc9IIX9MoP4XrVmkUq6a0u8h7n/B4zg0Y3bCQEs415LbM3UwIwZzF1DAEnphOu2xXgkH/9QCg5HvFg=="],

    "bun-types": ["bun-types@1.2.22", "", { "dependencies": { "@types/node": "*" }, "peerDependencies": { "@types/react": "^19" } }, "sha512-hwaAu8tct/Zn6Zft4U9BsZcXkYomzpHJX28ofvx7k0Zz2HNz54n1n+tDgxoWFGB4PcFvJXJQloPhaV2eP3Q6EA=="],

    "chalk": ["chalk@5.6.2", "", {}, "sha512-7NzBL0rN6fMUW+f7A6Io4h40qQlG+xGmtMxfbnH/K7TAtt8JQWVQK+6g0UXKMeVJoyV5EkkNsErQ8pVD3bLHbA=="],

    "cliui": ["cliui@9.0.1", "", { "dependencies": { "string-width": "^7.2.0", "strip-ansi": "^7.1.0", "wrap-ansi": "^9.0.0" } }, "sha512-k7ndgKhwoQveBL+/1tqGJYNz097I7WOvwbmmU2AR5+magtbjPWQTS1C5vzGkBC8Ym8UWRzfKUzUUqFLypY4Q+w=="],

    "csstype": ["csstype@3.1.3", "", {}, "sha512-M1uQkMl8rQK/szD0LNhtqxIPLpimGm8sOBwU7lLnCpSbTyY3yeU1Vc7l4KT5zT4s/yOxHH5O7tIuuLOCnLADRw=="],

    "debug": ["debug@4.4.3", "", { "dependencies": { "ms": "^2.1.3" } }, "sha512-RGwwWnwQvkVfavKVt22FGLw+xYSdzARwm0ru6DhTVA3umU5hZc28V3kO4stgYryrTlLpuvgI9GiijltAjNbcqA=="],

    "emoji-regex": ["emoji-regex@10.5.0", "", {}, "sha512-lb49vf1Xzfx080OKA0o6l8DQQpV+6Vg95zyCJX9VB/BqKYlhG7N4wgROUUHRA+ZPUefLnteQOad7z1kT2bV7bg=="],

    "escalade": ["escalade@3.2.0", "", {}, "sha512-WUj2qlxaQtO4g6Pq5c29GTcWGDyd8itL8zTlipgECz3JesAiiOKotd8JU6otB3PACgG6xkJUyVhboMS+bje/jA=="],

    "fast-deep-equal": ["fast-deep-equal@3.1.3", "", {}, "sha512-f3qQ9oQy9j2AhBe/H9VC91wLmKBCCU/gDOnKNAYG5hswO7BLKj09Hc5HYNz9cGI++xlpDCIgDaitVs03ATR84Q=="],

    "get-caller-file": ["get-caller-file@2.0.5", "", {}, "sha512-DyFP3BM/3YHTQOCUL/w0OZHR0lpKeGrxotcHWcqNEdnltqFwXVfhEBQ94eIo34AfQpo0rGki4cyIiftY06h2Fg=="],

    "get-east-asian-width": ["get-east-asian-width@1.4.0", "", {}, "sha512-QZjmEOC+IT1uk6Rx0sX22V6uHWVwbdbxf1faPqJ1QhLdGgsRGCZoyaQBm/piRdJy/D2um6hM1UP7ZEeQ4EkP+Q=="],

    "hash-sum": ["hash-sum@2.0.0", "", {}, "sha512-WdZTbAByD+pHfl/g9QSsBIIwy8IT+EsPiKDs0KNX+zSHhdDLFKdZu0BQHljvO+0QI/BasbMSUa8wYNCZTvhslg=="],

    "light-bolt11-decoder": ["light-bolt11-decoder@3.2.0", "", { "dependencies": { "@scure/base": "1.1.1" } }, "sha512-3QEofgiBOP4Ehs9BI+RkZdXZNtSys0nsJ6fyGeSiAGCBsMwHGUDS/JQlY/sTnWs91A2Nh0S9XXfA8Sy9g6QpuQ=="],

    "ms": ["ms@2.1.3", "", {}, "sha512-6FlzubTLZG3J2a/NVCAleEhjzq5oxgHyaCU9yYXvcLsvoVaHJq/s5xXI6/XXP6tz7R9xAOtHnSO/tXtF3WRTlA=="],

    "nanoid": ["nanoid@5.1.5", "", { "bin": { "nanoid": "bin/nanoid.js" } }, "sha512-Ir/+ZpE9fDsNH0hQ3C68uyThDXzYcim2EqcZ8zn8Chtt1iylPT9xXJB0kPCnqzgcEGikO9RxSrh63MsmVCU7Fw=="],

    "nostr-tools": ["nostr-tools@2.16.2", "", { "dependencies": { "@noble/ciphers": "^0.5.1", "@noble/curves": "1.2.0", "@noble/hashes": "1.3.1", "@scure/base": "1.1.1", "@scure/bip32": "1.3.1", "@scure/bip39": "1.2.1", "nostr-wasm": "0.1.0" }, "peerDependencies": { "typescript": ">=5.0.0" }, "optionalPeers": ["typescript"] }, "sha512-ZxH9EbSt5ypURZj2TGNJxZd0Omb5ag5KZSu8IyJMCdLyg2KKz+2GA0sP/cSawCQEkyviIN4eRT4G2gB/t9lMRw=="],

    "nostr-wasm": ["nostr-wasm@0.1.0", "", {}, "sha512-78BTryCLcLYv96ONU8Ws3Q1JzjlAt+43pWQhIl86xZmWeegYCNLPml7yQ+gG3vR6V5h4XGj+TxO+SS5dsThQIA=="],

    "rxjs": ["rxjs@7.8.2", "", { "dependencies": { "tslib": "^2.1.0" } }, "sha512-dhKf903U/PQZY6boNNtAGdWbG85WAbjT/1xYoZIC7FAY0yWapOBQVsVrDl58W86//e1VpMNBtRV4MaXfdMySFA=="],

    "string-width": ["string-width@7.2.0", "", { "dependencies": { "emoji-regex": "^10.3.0", "get-east-asian-width": "^1.0.0", "strip-ansi": "^7.1.0" } }, "sha512-tsaTIkKW9b4N+AEj+SVA+WhJzV7/zMhcSu78mLKWSk7cXMOSHsBKFWUs0fWwq8QyK3MgJBQRX6Gbi4kYbdvGkQ=="],

    "strip-ansi": ["strip-ansi@7.1.2", "", { "dependencies": { "ansi-regex": "^6.0.1" } }, "sha512-gmBGslpoQJtgnMAvOVqGZpEz9dyoKTCzy2nfz/n8aIFhN/jCE/rCmcxabB6jOOHV+0WNnylOxaxBQPSvcWklhA=="],

    "tslib": ["tslib@2.8.1", "", {}, "sha512-oJFu94HQb+KVduSUQL7wnpmqnfmLsOA/nAh6b6EH0wCEoK0/mPeXU6c3wKDV83MkOuHPRHtSXKKU99IBazS/2w=="],

    "typescript": ["typescript@5.9.2", "", { "bin": { "tsc": "bin/tsc", "tsserver": "bin/tsserver" } }, "sha512-CWBzXQrc/qOkhidw1OzBTQuYRbfyxDXJMVJ1XNwUHGROVmuaeiEm3OslpZ1RV96d7SKKjZKrSJu3+t/xlw3R9A=="],

    "undici-types": ["undici-types@7.12.0", "", {}, "sha512-goOacqME2GYyOZZfb5Lgtu+1IDmAlAEu5xnD3+xTzS10hT0vzpf0SPjkXwAw9Jm+4n/mQGDP3LO8CPbYROeBfQ=="],

    "wrap-ansi": ["wrap-ansi@9.0.2", "", { "dependencies": { "ansi-styles": "^6.2.1", "string-width": "^7.0.0", "strip-ansi": "^7.1.0" } }, "sha512-42AtmgqjV+X1VpdOfyTGOYRi0/zsoLqtXQckTmqTeybT+BDIbM/Guxo7x3pE2vtpr1ok6xRqM9OpBe+Jyoqyww=="],

    "y18n": ["y18n@5.0.8", "", {}, "sha512-0pfFzegeDWJHJIAmTLRP2DwHjdF5s7jo9tuztdQxAhINCdvS+3nGINqPd00AphqJR/0LhANUS6/+7SCb98YOfA=="],

    "yargs": ["yargs@18.0.0", "", { "dependencies": { "cliui": "^9.0.1", "escalade": "^3.1.1", "get-caller-file": "^2.0.5", "string-width": "^7.2.0", "y18n": "^5.0.5", "yargs-parser": "^22.0.0" } }, "sha512-4UEqdc2RYGHZc7Doyqkrqiln3p9X2DZVxaGbwhn2pi7MrRagKaOcIKe8L3OxYcbhXLgLFUS3zAYuQjKBQgmuNg=="],

    "yargs-parser": ["yargs-parser@22.0.0", "", {}, "sha512-rwu/ClNdSMpkSrUb+d6BRsSkLUq1fmfsY6TOpYzTwvwkg1/NRG85KBy3kq++A8LKQwX6lsu+aWad+2khvuXrqw=="],

    "@noble/curves/@noble/hashes": ["@noble/hashes@1.3.2", "", {}, "sha512-MVC8EAQp7MvEcm30KWENFjgR+Mkmf+D189XJTkFIlwohU5hcBbn1ZkKq7KVTi2Hme3PMGF390DaL52beVrIihQ=="],

    "@scure/bip32/@noble/curves": ["@noble/curves@1.1.0", "", { "dependencies": { "@noble/hashes": "1.3.1" } }, "sha512-091oBExgENk/kGj3AZmtBDMpxQPDtxQABR2B9lb1JbVTs6ytdzZNwvhxQ4MWasRNEzlbEH8jCWFCwhF/Obj5AA=="],

    "@scure/bip32/@noble/hashes": ["@noble/hashes@1.3.2", "", {}, "sha512-MVC8EAQp7MvEcm30KWENFjgR+Mkmf+D189XJTkFIlwohU5hcBbn1ZkKq7KVTi2Hme3PMGF390DaL52beVrIihQ=="],

    "@scure/bip32/@scure/base": ["@scure/base@1.1.1", "", {}, "sha512-ZxOhsSyxYwLJj3pLZCefNitxsj093tb2vq90mp2txoYeBqbcjDjqFhyM8eUjq/uFm6zJ+mUuqxlS2FkuSY1MTA=="],

    "@scure/bip39/@noble/hashes": ["@noble/hashes@1.3.2", "", {}, "sha512-MVC8EAQp7MvEcm30KWENFjgR+Mkmf+D189XJTkFIlwohU5hcBbn1ZkKq7KVTi2Hme3PMGF390DaL52beVrIihQ=="],

    "@scure/bip39/@scure/base": ["@scure/base@1.1.1", "", {}, "sha512-ZxOhsSyxYwLJj3pLZCefNitxsj093tb2vq90mp2txoYeBqbcjDjqFhyM8eUjq/uFm6zJ+mUuqxlS2FkuSY1MTA=="],

    "applesauce-core/nostr-tools": ["nostr-tools@2.15.2", "", { "dependencies": { "@noble/ciphers": "^0.5.1", "@noble/curves": "1.2.0", "@noble/hashes": "1.3.1", "@scure/base": "1.1.1", "@scure/bip32": "1.3.1", "@scure/bip39": "1.2.1", "nostr-wasm": "0.1.0" }, "peerDependencies": { "typescript": ">=5.0.0" }, "optionalPeers": ["typescript"] }, "sha512-utmqVVS4HMDiwhIgI6Cr+KqA4aUhF3Sb755iO/qCiqxc5H9JW/9Z3N1RO/jKWpjP6q/Vx0lru7IYuiPvk+2/ng=="],

    "applesauce-loaders/nostr-tools": ["nostr-tools@2.15.2", "", { "dependencies": { "@noble/ciphers": "^0.5.1", "@noble/curves": "1.2.0", "@noble/hashes": "1.3.1", "@scure/base": "1.1.1", "@scure/bip32": "1.3.1", "@scure/bip39": "1.2.1", "nostr-wasm": "0.1.0" }, "peerDependencies": { "typescript": ">=5.0.0" }, "optionalPeers": ["typescript"] }, "sha512-utmqVVS4HMDiwhIgI6Cr+KqA4aUhF3Sb755iO/qCiqxc5H9JW/9Z3N1RO/jKWpjP6q/Vx0lru7IYuiPvk+2/ng=="],

    "applesauce-relay/nostr-tools": ["nostr-tools@2.15.2", "", { "dependencies": { "@noble/ciphers": "^0.5.1", "@noble/curves": "1.2.0", "@noble/hashes": "1.3.1", "@scure/base": "1.1.1", "@scure/bip32": "1.3.1", "@scure/bip39": "1.2.1", "nostr-wasm": "0.1.0" }, "peerDependencies": { "typescript": ">=5.0.0" }, "optionalPeers": ["typescript"] }, "sha512-utmqVVS4HMDiwhIgI6Cr+KqA4aUhF3Sb755iO/qCiqxc5H9JW/9Z3N1RO/jKWpjP6q/Vx0lru7IYuiPvk+2/ng=="],

    "light-bolt11-decoder/@scure/base": ["@scure/base@1.1.1", "", {}, "sha512-ZxOhsSyxYwLJj3pLZCefNitxsj093tb2vq90mp2txoYeBqbcjDjqFhyM8eUjq/uFm6zJ+mUuqxlS2FkuSY1MTA=="],

    "nostr-tools/@noble/hashes": ["@noble/hashes@1.3.1", "", {}, "sha512-EbqwksQwz9xDRGfDST86whPBgM65E0OH/pCgqW0GBVzO22bNE+NuIbeTb714+IfSjU3aRk47EUvXIb5bTsenKA=="],

    "nostr-tools/@scure/base": ["@scure/base@1.1.1", "", {}, "sha512-ZxOhsSyxYwLJj3pLZCefNitxsj093tb2vq90mp2txoYeBqbcjDjqFhyM8eUjq/uFm6zJ+mUuqxlS2FkuSY1MTA=="],

    "@scure/bip32/@noble/curves/@noble/hashes": ["@noble/hashes@1.3.1", "", {}, "sha512-EbqwksQwz9xDRGfDST86whPBgM65E0OH/pCgqW0GBVzO22bNE+NuIbeTb714+IfSjU3aRk47EUvXIb5bTsenKA=="],

    "applesauce-core/nostr-tools/@noble/hashes": ["@noble/hashes@1.3.1", "", {}, "sha512-EbqwksQwz9xDRGfDST86whPBgM65E0OH/pCgqW0GBVzO22bNE+NuIbeTb714+IfSjU3aRk47EUvXIb5bTsenKA=="],

    "applesauce-core/nostr-tools/@scure/base": ["@scure/base@1.1.1", "", {}, "sha512-ZxOhsSyxYwLJj3pLZCefNitxsj093tb2vq90mp2txoYeBqbcjDjqFhyM8eUjq/uFm6zJ+mUuqxlS2FkuSY1MTA=="],

    "applesauce-loaders/nostr-tools/@noble/hashes": ["@noble/hashes@1.3.1", "", {}, "sha512-EbqwksQwz9xDRGfDST86whPBgM65E0OH/pCgqW0GBVzO22bNE+NuIbeTb714+IfSjU3aRk47EUvXIb5bTsenKA=="],

    "applesauce-loaders/nostr-tools/@scure/base": ["@scure/base@1.1.1", "", {}, "sha512-ZxOhsSyxYwLJj3pLZCefNitxsj093tb2vq90mp2txoYeBqbcjDjqFhyM8eUjq/uFm6zJ+mUuqxlS2FkuSY1MTA=="],

    "applesauce-relay/nostr-tools/@noble/hashes": ["@noble/hashes@1.3.1", "", {}, "sha512-EbqwksQwz9xDRGfDST86whPBgM65E0OH/pCgqW0GBVzO22bNE+NuIbeTb714+IfSjU3aRk47EUvXIb5bTsenKA=="],

    "applesauce-relay/nostr-tools/@scure/base": ["@scure/base@1.1.1", "", {}, "sha512-ZxOhsSyxYwLJj3pLZCefNitxsj093tb2vq90mp2txoYeBqbcjDjqFhyM8eUjq/uFm6zJ+mUuqxlS2FkuSY1MTA=="],
  }
}
